{
  "nodes": {
    "base16-schemes": {
      "flake": false,
      "locked": {
        "lastModified": 1680729003,
        "narHash": "sha256-M9LHTL24/W4oqgbYRkz0B2qpNrkefTs98pfj3MxIXnU=",
        "owner": "tinted-theming",
        "repo": "base16-schemes",
        "rev": "dc048afa066287a719ddbab62b3e19e4b5110cf0",
        "type": "github"
      },
      "original": {
        "owner": "tinted-theming",
        "repo": "base16-schemes",
        "type": "github"
      }
    },
    "crane": {
      "inputs": {
        "flake-compat": "flake-compat_4",
        "flake-utils": "flake-utils_6",
        "nixpkgs": [
          "nixpkgs-f2k",
          "nixpkgs"
        ],
        "rust-overlay": "rust-overlay"
      },
      "locked": {
        "lastModified": 1688082682,
        "narHash": "sha256-nMG/A7qYm9pyHJowKuaNmNYgo748xZrzMJPqtoGozSA=",
        "owner": "ipetkov",
        "repo": "crane",
        "rev": "4d350bb94fdf8ec9d2e22d68bb13e136d73aa9d8",
        "type": "github"
      },
      "original": {
        "owner": "ipetkov",
        "repo": "crane",
        "type": "github"
      }
    },
    "discocss": {
      "inputs": {
        "flake-utils": "flake-utils",
        "nixpkgs": [
          "nixpkgs"
        ]
      },
      "locked": {
        "lastModified": 1657396312,
        "narHash": "sha256-kaRGVoiJJOAAvqlO++1yNexJHCBtCK3ROkAtAAZKt2s=",
        "owner": "mlvzk",
        "repo": "discocss",
        "rev": "aa71249beed302d4b99bfaa16cda3e0929181f5f",
        "type": "github"
      },
      "original": {
        "owner": "mlvzk",
        "ref": "flake",
        "repo": "discocss",
        "type": "github"
      }
    },
    "emacs": {
      "inputs": {
        "flake-utils": "flake-utils_7",
        "nixpkgs": "nixpkgs_5",
        "nixpkgs-stable": "nixpkgs-stable_2"
      },
      "locked": {
        "lastModified": 1688322111,
        "narHash": "sha256-wwc+POUpjLYp14H6xhD8QpFax80Nyt8QJekzbvbUP3g=",
        "owner": "nix-community",
        "repo": "emacs-overlay",
        "rev": "3372519e7d0a4fa74beaa60dc07f3fd2b34379d7",
        "type": "github"
      },
      "original": {
        "owner": "nix-community",
        "repo": "emacs-overlay",
        "type": "github"
      }
    },
    "emacs-overlay": {
      "inputs": {
        "flake-utils": "flake-utils_2",
        "nixpkgs": "nixpkgs",
        "nixpkgs-stable": "nixpkgs-stable"
      },
      "locked": {
        "lastModified": 1688354933,
        "narHash": "sha256-E3/o+Qs59YGoLgo/TsLM34wt0GcxpNmNxrX9vVWeznw=",
        "owner": "nix-community",
        "repo": "emacs-overlay",
        "rev": "f443f77e16da5b244761ae7d5c45064418c9df7b",
        "type": "github"
      },
      "original": {
        "owner": "nix-community",
        "repo": "emacs-overlay",
        "type": "github"
      }
    },
    "fenix": {
      "inputs": {
        "nixpkgs": [
          "nixpkgs-f2k",
          "nixpkgs-fmt",
          "nixpkgs"
        ],
        "rust-analyzer-src": "rust-analyzer-src"
      },
      "locked": {
        "lastModified": 1637475807,
        "narHash": "sha256-E3nzOvlzZXwyo8Stp5upKsTCDcqUTYAFj4EC060A31c=",
        "owner": "nix-community",
        "repo": "fenix",
        "rev": "960e7fef45692a4fffc6df6d6b613b0399bbdfd5",
        "type": "github"
      },
      "original": {
        "owner": "nix-community",
        "repo": "fenix",
        "type": "github"
      }
    },
    "flake-compat": {
      "flake": false,
      "locked": {
        "lastModified": 1673956053,
        "narHash": "sha256-4gtG9iQuiKITOjNQQeQIpoIB6b16fm+504Ch3sNKLd8=",
        "owner": "edolstra",
        "repo": "flake-compat",
        "rev": "35bb57c0c8d8b62bbfd284272c928ceb64ddbde9",
        "type": "github"
      },
      "original": {
        "owner": "edolstra",
        "repo": "flake-compat",
        "type": "github"
      }
    },
    "flake-compat_2": {
      "flake": false,
      "locked": {
        "lastModified": 1673956053,
        "narHash": "sha256-4gtG9iQuiKITOjNQQeQIpoIB6b16fm+504Ch3sNKLd8=",
        "owner": "edolstra",
        "repo": "flake-compat",
        "rev": "35bb57c0c8d8b62bbfd284272c928ceb64ddbde9",
        "type": "github"
      },
      "original": {
        "owner": "edolstra",
        "repo": "flake-compat",
        "type": "github"
      }
    },
    "flake-compat_3": {
      "flake": false,
      "locked": {
        "lastModified": 1673956053,
        "narHash": "sha256-4gtG9iQuiKITOjNQQeQIpoIB6b16fm+504Ch3sNKLd8=",
        "owner": "edolstra",
        "repo": "flake-compat",
        "rev": "35bb57c0c8d8b62bbfd284272c928ceb64ddbde9",
        "type": "github"
      },
      "original": {
        "owner": "edolstra",
        "repo": "flake-compat",
        "type": "github"
      }
    },
    "flake-compat_4": {
      "flake": false,
      "locked": {
        "lastModified": 1673956053,
        "narHash": "sha256-4gtG9iQuiKITOjNQQeQIpoIB6b16fm+504Ch3sNKLd8=",
        "owner": "edolstra",
        "repo": "flake-compat",
        "rev": "35bb57c0c8d8b62bbfd284272c928ceb64ddbde9",
        "type": "github"
      },
      "original": {
        "owner": "edolstra",
        "repo": "flake-compat",
        "type": "github"
      }
    },
    "flake-compat_5": {
      "locked": {
        "lastModified": 1688025799,
        "narHash": "sha256-ktpB4dRtnksm9F5WawoIkEneh1nrEvuxb5lJFt1iOyw=",
        "owner": "nix-community",
        "repo": "flake-compat",
        "rev": "8bf105319d44f6b9f0d764efa4fdef9f1cc9ba1c",
        "type": "github"
      },
      "original": {
        "owner": "nix-community",
        "repo": "flake-compat",
        "type": "github"
      }
    },
    "flake-parts": {
      "inputs": {
        "nixpkgs-lib": [
          "neovim-nightly",
          "nixpkgs"
        ]
      },
      "locked": {
        "lastModified": 1688254665,
        "narHash": "sha256-8FHEgBrr7gYNiS/NzCxIO3m4hvtLRW9YY1nYo1ivm3o=",
        "owner": "hercules-ci",
        "repo": "flake-parts",
        "rev": "267149c58a14d15f7f81b4d737308421de9d7152",
        "type": "github"
      },
      "original": {
        "owner": "hercules-ci",
        "repo": "flake-parts",
        "type": "github"
      }
    },
    "flake-parts_2": {
      "inputs": {
        "nixpkgs-lib": "nixpkgs-lib"
      },
      "locked": {
        "lastModified": 1685662779,
        "narHash": "sha256-cKDDciXGpMEjP1n6HlzKinN0H+oLmNpgeCTzYnsA2po=",
        "owner": "hercules-ci",
        "repo": "flake-parts",
        "rev": "71fb97f0d875fd4de4994dfb849f2c75e17eb6c3",
        "type": "github"
      },
      "original": {
        "id": "flake-parts",
        "type": "indirect"
      }
    },
    "flake-parts_3": {
      "inputs": {
        "nixpkgs-lib": [
          "neovim-nightly",
          "hercules-ci-effects",
          "hercules-ci-agent",
          "nixpkgs"
        ]
      },
      "locked": {
        "lastModified": 1685662779,
        "narHash": "sha256-cKDDciXGpMEjP1n6HlzKinN0H+oLmNpgeCTzYnsA2po=",
        "owner": "hercules-ci",
        "repo": "flake-parts",
        "rev": "71fb97f0d875fd4de4994dfb849f2c75e17eb6c3",
        "type": "github"
      },
      "original": {
        "owner": "hercules-ci",
        "repo": "flake-parts",
        "type": "github"
      }
    },
    "flake-parts_4": {
      "inputs": {
        "nixpkgs-lib": [
          "nixpkgs-wayland",
          "nix-eval-jobs",
          "nixpkgs"
        ]
      },
      "locked": {
        "lastModified": 1688254665,
        "narHash": "sha256-8FHEgBrr7gYNiS/NzCxIO3m4hvtLRW9YY1nYo1ivm3o=",
        "owner": "hercules-ci",
        "repo": "flake-parts",
        "rev": "267149c58a14d15f7f81b4d737308421de9d7152",
        "type": "github"
      },
      "original": {
        "owner": "hercules-ci",
        "repo": "flake-parts",
        "type": "github"
      }
    },
    "flake-utils": {
      "locked": {
        "lastModified": 1619345332,
        "narHash": "sha256-qHnQkEp1uklKTpx3MvKtY6xzgcqXDsz5nLilbbuL+3A=",
        "owner": "numtide",
        "repo": "flake-utils",
        "rev": "2ebf2558e5bf978c7fb8ea927dfaed8fefab2e28",
        "type": "github"
      },
      "original": {
        "owner": "numtide",
        "repo": "flake-utils",
        "type": "github"
      }
    },
    "flake-utils_10": {
      "inputs": {
        "systems": "systems_8"
      },
      "locked": {
        "lastModified": 1681202837,
        "narHash": "sha256-H+Rh19JDwRtpVPAWp64F+rlEtxUWBAQW28eAi3SRSzg=",
        "owner": "numtide",
        "repo": "flake-utils",
        "rev": "cfacdce06f30d2b68473a46042957675eebb3401",
        "type": "github"
      },
      "original": {
        "owner": "numtide",
        "repo": "flake-utils",
        "type": "github"
      }
    },
    "flake-utils_2": {
      "inputs": {
        "systems": "systems"
      },
      "locked": {
        "lastModified": 1687709756,
        "narHash": "sha256-Y5wKlQSkgEK2weWdOu4J3riRd+kV/VCgHsqLNTTWQ/0=",
        "owner": "numtide",
        "repo": "flake-utils",
        "rev": "dbabf0ca0c0c4bce6ea5eaf65af5cb694d2082c7",
        "type": "github"
      },
      "original": {
        "owner": "numtide",
        "repo": "flake-utils",
        "type": "github"
      }
    },
    "flake-utils_3": {
      "inputs": {
        "systems": "systems_2"
      },
      "locked": {
        "lastModified": 1685518550,
        "narHash": "sha256-o2d0KcvaXzTrPRIo0kOLV0/QXHhDQ5DTi+OxcjO8xqY=",
        "owner": "numtide",
        "repo": "flake-utils",
        "rev": "a1720a10a6cfe8234c0e93907ffe81be440f4cef",
        "type": "github"
      },
      "original": {
        "owner": "numtide",
        "repo": "flake-utils",
        "type": "github"
      }
    },
    "flake-utils_4": {
      "inputs": {
        "systems": "systems_3"
      },
      "locked": {
        "lastModified": 1681202837,
        "narHash": "sha256-H+Rh19JDwRtpVPAWp64F+rlEtxUWBAQW28eAi3SRSzg=",
        "owner": "numtide",
        "repo": "flake-utils",
        "rev": "cfacdce06f30d2b68473a46042957675eebb3401",
        "type": "github"
      },
      "original": {
        "owner": "numtide",
        "repo": "flake-utils",
        "type": "github"
      }
    },
    "flake-utils_5": {
      "inputs": {
        "systems": "systems_4"
      },
      "locked": {
        "lastModified": 1685518550,
        "narHash": "sha256-o2d0KcvaXzTrPRIo0kOLV0/QXHhDQ5DTi+OxcjO8xqY=",
        "owner": "numtide",
        "repo": "flake-utils",
        "rev": "a1720a10a6cfe8234c0e93907ffe81be440f4cef",
        "type": "github"
      },
      "original": {
        "owner": "numtide",
        "repo": "flake-utils",
        "type": "github"
      }
    },
    "flake-utils_6": {
      "inputs": {
        "systems": "systems_5"
      },
      "locked": {
        "lastModified": 1685518550,
        "narHash": "sha256-o2d0KcvaXzTrPRIo0kOLV0/QXHhDQ5DTi+OxcjO8xqY=",
        "owner": "numtide",
        "repo": "flake-utils",
        "rev": "a1720a10a6cfe8234c0e93907ffe81be440f4cef",
        "type": "github"
      },
      "original": {
        "owner": "numtide",
        "repo": "flake-utils",
        "type": "github"
      }
    },
    "flake-utils_7": {
      "inputs": {
        "systems": "systems_6"
      },
      "locked": {
        "lastModified": 1687709756,
        "narHash": "sha256-Y5wKlQSkgEK2weWdOu4J3riRd+kV/VCgHsqLNTTWQ/0=",
        "owner": "numtide",
        "repo": "flake-utils",
        "rev": "dbabf0ca0c0c4bce6ea5eaf65af5cb694d2082c7",
        "type": "github"
      },
      "original": {
        "owner": "numtide",
        "repo": "flake-utils",
        "type": "github"
      }
    },
    "flake-utils_8": {
      "locked": {
        "lastModified": 1637014545,
        "narHash": "sha256-26IZAc5yzlD9FlDT54io1oqG/bBoyka+FJk5guaX4x4=",
        "owner": "numtide",
        "repo": "flake-utils",
        "rev": "bba5dcc8e0b20ab664967ad83d24d64cb64ec4f4",
        "type": "github"
      },
      "original": {
        "owner": "numtide",
        "repo": "flake-utils",
        "type": "github"
      }
    },
    "flake-utils_9": {
      "inputs": {
        "systems": "systems_7"
      },
      "locked": {
        "lastModified": 1687709756,
        "narHash": "sha256-Y5wKlQSkgEK2weWdOu4J3riRd+kV/VCgHsqLNTTWQ/0=",
        "owner": "numtide",
        "repo": "flake-utils",
        "rev": "dbabf0ca0c0c4bce6ea5eaf65af5cb694d2082c7",
        "type": "github"
      },
      "original": {
        "owner": "numtide",
        "repo": "flake-utils",
        "type": "github"
      }
    },
    "fzf-tab": {
      "flake": false,
      "locked": {
        "lastModified": 1686496455,
        "narHash": "sha256-gvZp8P3quOtcy1Xtt1LAW1cfZ/zCtnAmnWqcwrKel6w=",
        "owner": "Aloxaf",
        "repo": "fzf-tab",
        "rev": "c2b4aa5ad2532cca91f23908ac7f00efb7ff09c9",
        "type": "github"
      },
      "original": {
        "owner": "Aloxaf",
        "repo": "fzf-tab",
        "type": "github"
      }
    },
    "haskell-flake": {
      "locked": {
        "lastModified": 1684780604,
        "narHash": "sha256-2uMZsewmRn7rRtAnnQNw1lj0uZBMh4m6Cs/7dV5YF08=",
        "owner": "srid",
        "repo": "haskell-flake",
        "rev": "74210fa80a49f1b6f67223debdbf1494596ff9f2",
        "type": "github"
      },
      "original": {
        "owner": "srid",
        "ref": "0.3.0",
        "repo": "haskell-flake",
        "type": "github"
      }
    },
    "hercules-ci-agent": {
      "inputs": {
        "flake-parts": "flake-parts_3",
        "haskell-flake": "haskell-flake",
        "nixpkgs": "nixpkgs_2"
      },
      "locked": {
        "lastModified": 1686721748,
        "narHash": "sha256-ilD6ANYID+b0/+GTFbuZXfmu92bqVqY5ITKXSxqIp5A=",
        "owner": "hercules-ci",
        "repo": "hercules-ci-agent",
        "rev": "7192b83935ab292a8e894db590dfd44f976e183b",
        "type": "github"
      },
      "original": {
        "id": "hercules-ci-agent",
        "type": "indirect"
      }
    },
    "hercules-ci-effects": {
      "inputs": {
        "flake-parts": "flake-parts_2",
        "hercules-ci-agent": "hercules-ci-agent",
        "nixpkgs": [
          "neovim-nightly",
          "nixpkgs"
        ]
      },
      "locked": {
        "lastModified": 1686830987,
        "narHash": "sha256-1XLTM0lFr3NV+0rd55SQW/8oQ3ACnqlYcda3FelIwHU=",
        "owner": "hercules-ci",
        "repo": "hercules-ci-effects",
        "rev": "04e4ab63b9eed2452edee1bb698827e1cb8265c6",
        "type": "github"
      },
      "original": {
        "owner": "hercules-ci",
        "repo": "hercules-ci-effects",
        "type": "github"
      }
    },
    "home": {
      "inputs": {
        "nixpkgs": [
          "nixpkgs"
        ]
      },
      "locked": {
        "lastModified": 1688302761,
        "narHash": "sha256-YIYKeX3YfoAIg9DTe6cl1ga87rDCNDZugdGuqsvEN30=",
        "owner": "nix-community",
        "repo": "home-manager",
        "rev": "c85d9137db45a1c9c161f4718b13cc3bd4cbd173",
        "type": "github"
      },
      "original": {
        "owner": "nix-community",
        "repo": "home-manager",
        "type": "github"
      }
    },
    "lib-aggregate": {
      "inputs": {
        "flake-utils": "flake-utils_9",
        "nixpkgs-lib": "nixpkgs-lib_4"
      },
      "locked": {
        "lastModified": 1688299754,
        "narHash": "sha256-ElNJ28wfORNv8JaCOFb/mniLiQe0cpuaj2DdD/dqdKw=",
        "owner": "nix-community",
        "repo": "lib-aggregate",
        "rev": "6107c923522c233458760d0c7f31ad71bf1d2146",
        "type": "github"
      },
      "original": {
        "owner": "nix-community",
        "repo": "lib-aggregate",
        "type": "github"
      }
    },
    "master": {
      "locked": {
        "lastModified": 1688377620,
        "narHash": "sha256-obt5im4OAl2vlYHS9ergVxh6lqIpLm/i/UMLOh7r3D8=",
        "owner": "nixos",
        "repo": "nixpkgs",
        "rev": "ab37fd7f9db8ad5af2527ba4873d1ec788d6b5a4",
        "type": "github"
      },
      "original": {
        "owner": "nixos",
        "ref": "master",
        "repo": "nixpkgs",
        "type": "github"
      }
    },
    "neovim-flake": {
      "inputs": {
        "flake-utils": "flake-utils_3",
        "nixpkgs": [
          "neovim-nightly",
          "nixpkgs"
        ]
      },
      "locked": {
        "dir": "contrib",
        "lastModified": 1688312661,
        "narHash": "sha256-e4zahWEWEXahlzrHveDVt2p/fK2aMqFGH3bNsG/gArU=",
        "owner": "neovim",
        "repo": "neovim",
        "rev": "4fd852b8cb88ed035203d3f9ae2e6a8258244974",
        "type": "github"
      },
      "original": {
        "dir": "contrib",
        "owner": "neovim",
        "repo": "neovim",
        "type": "github"
      }
    },
    "neovim-nightly": {
      "inputs": {
        "flake-compat": "flake-compat",
        "flake-parts": "flake-parts",
        "hercules-ci-effects": "hercules-ci-effects",
        "neovim-flake": "neovim-flake",
        "nixpkgs": "nixpkgs_3"
      },
      "locked": {
        "lastModified": 1688313823,
        "narHash": "sha256-P6BvbaSQc+vkF3sfQ6KZ876G0UWBUqyt7pITxldQEqg=",
        "owner": "nix-community",
        "repo": "neovim-nightly-overlay",
        "rev": "63953ef16c1c23321da36bf02194a59eb3c38c59",
        "type": "github"
      },
      "original": {
        "owner": "nix-community",
        "repo": "neovim-nightly-overlay",
        "type": "github"
      }
    },
    "nix-colors": {
      "inputs": {
        "base16-schemes": "base16-schemes",
        "nixpkgs-lib": "nixpkgs-lib_2"
      },
      "locked": {
        "lastModified": 1682108218,
        "narHash": "sha256-tMr7BbxualFQlN+XopS8rMMgf2XR9ZfRuwIZtjsWmfI=",
        "owner": "misterio77",
        "repo": "nix-colors",
        "rev": "b92df8f5eb1fa20d8e09810c03c9dc0d94ef2820",
        "type": "github"
      },
      "original": {
        "owner": "misterio77",
        "repo": "nix-colors",
        "type": "github"
      }
    },
    "nix-eval-jobs": {
      "inputs": {
        "flake-parts": "flake-parts_4",
        "nixpkgs": "nixpkgs_7"
      },
      "locked": {
        "lastModified": 1688348635,
        "narHash": "sha256-6F/q2jbDoxbNvOSLKhscpMNONdC80OKX/GJw1EumERs=",
        "owner": "nix-community",
        "repo": "nix-eval-jobs",
        "rev": "410b14bb39b73154e12b4e50ae2eb5f7c1a4967b",
        "type": "github"
      },
      "original": {
        "owner": "nix-community",
        "repo": "nix-eval-jobs",
        "type": "github"
      }
    },
    "nix-vscode-extensions": {
      "inputs": {
        "flake-compat": "flake-compat_2",
        "flake-utils": "flake-utils_4",
        "nixpkgs": "nixpkgs_4"
      },
      "locked": {
        "lastModified": 1688348068,
        "narHash": "sha256-zfqzsSrJP7C0zgZjIllLb6ZXi5vatDsizFHRL8XJ/Fk=",
        "owner": "nix-community",
        "repo": "nix-vscode-extensions",
        "rev": "0d3490d9ab18d777a0d20c62f40efabfd6263111",
        "type": "github"
      },
      "original": {
        "owner": "nix-community",
        "repo": "nix-vscode-extensions",
        "type": "github"
      }
    },
    "nixos-hardware": {
      "locked": {
        "lastModified": 1686838567,
        "narHash": "sha256-aqKCUD126dRlVSKV6vWuDCitfjFrZlkwNuvj5LtjRRU=",
        "owner": "NixOS",
        "repo": "nixos-hardware",
        "rev": "429f232fe1dc398c5afea19a51aad6931ee0fb89",
        "type": "github"
      },
      "original": {
        "owner": "NixOS",
        "ref": "master",
        "repo": "nixos-hardware",
        "type": "github"
      }
    },
    "nixos-unstable": {
      "locked": {
        "lastModified": 1688231357,
        "narHash": "sha256-ZOn16X5jZ6X5ror58gOJAxPfFLAQhZJ6nOUeS4tfFwo=",
        "owner": "nixos",
        "repo": "nixpkgs",
        "rev": "645ff62e09d294a30de823cb568e9c6d68e92606",
        "type": "github"
      },
      "original": {
        "owner": "nixos",
        "ref": "nixos-unstable",
        "repo": "nixpkgs",
        "type": "github"
      }
    },
    "nixos-wsl": {
      "inputs": {
        "flake-compat": "flake-compat_3",
        "flake-utils": "flake-utils_5",
        "nixpkgs": [
          "nixpkgs"
        ]
      },
      "locked": {
        "lastModified": 1687279045,
        "narHash": "sha256-LR0dsXd/A07M61jclyBUW0wRojEQteWReKM35zoJXp0=",
        "owner": "nix-community",
        "repo": "nixos-wsl",
        "rev": "a8486b5d191f11d571f15d80b6e265d1712d01cf",
        "type": "github"
      },
      "original": {
        "owner": "nix-community",
        "repo": "nixos-wsl",
        "type": "github"
      }
    },
    "nixpkgs": {
      "locked": {
        "lastModified": 1688231357,
        "narHash": "sha256-ZOn16X5jZ6X5ror58gOJAxPfFLAQhZJ6nOUeS4tfFwo=",
        "owner": "NixOS",
        "repo": "nixpkgs",
        "rev": "645ff62e09d294a30de823cb568e9c6d68e92606",
        "type": "github"
      },
      "original": {
        "owner": "NixOS",
        "ref": "nixos-unstable",
        "repo": "nixpkgs",
        "type": "github"
      }
    },
    "nixpkgs-f2k": {
      "inputs": {
        "crane": "crane",
        "emacs": "emacs",
        "nixpkgs": "nixpkgs_6",
        "nixpkgs-fmt": "nixpkgs-fmt",
        "parts": "parts"
      },
      "locked": {
        "lastModified": 1688368921,
        "narHash": "sha256-/b7LgJ3FRIicAO963otTwwyYy+4zm5IemrGfcQOKScg=",
        "owner": "fortuneteller2k",
        "repo": "nixpkgs-f2k",
        "rev": "6ebb038a9052e9e8ae8fd3621b7460560b0ceab4",
        "type": "github"
      },
      "original": {
        "owner": "fortuneteller2k",
        "repo": "nixpkgs-f2k",
        "type": "github"
      }
    },
    "nixpkgs-fmt": {
      "inputs": {
        "fenix": "fenix",
        "flake-utils": "flake-utils_8",
        "nixpkgs": [
          "nixpkgs-f2k",
          "nixpkgs"
        ]
      },
      "locked": {
        "lastModified": 1687333264,
        "narHash": "sha256-tSfLls1bg2oelCQky8QCgpniFDH2OTG/2NycpBkNJKE=",
        "owner": "nix-community",
        "repo": "nixpkgs-fmt",
        "rev": "6d2dee8954cc4e790dede82ddff2aeac4a32da46",
        "type": "github"
      },
      "original": {
        "owner": "nix-community",
        "repo": "nixpkgs-fmt",
        "type": "github"
      }
    },
    "nixpkgs-lib": {
      "locked": {
        "dir": "lib",
        "lastModified": 1685564631,
        "narHash": "sha256-8ywr3AkblY4++3lIVxmrWZFzac7+f32ZEhH/A8pNscI=",
        "owner": "NixOS",
        "repo": "nixpkgs",
        "rev": "4f53efe34b3a8877ac923b9350c874e3dcd5dc0a",
        "type": "github"
      },
      "original": {
        "dir": "lib",
        "owner": "NixOS",
        "ref": "nixos-unstable",
        "repo": "nixpkgs",
        "type": "github"
      }
    },
    "nixpkgs-lib_2": {
      "locked": {
        "lastModified": 1680397293,
        "narHash": "sha256-wBpJ73+tJ8fZSWb4tzNbAVahC4HSo2QG3nICDy4ExBQ=",
        "owner": "nix-community",
        "repo": "nixpkgs.lib",
        "rev": "b18d328214ca3c627d3cc3f51fd9d1397fdbcd7a",
        "type": "github"
      },
      "original": {
        "owner": "nix-community",
        "repo": "nixpkgs.lib",
        "type": "github"
      }
    },
    "nixpkgs-lib_3": {
      "locked": {
        "dir": "lib",
        "lastModified": 1688049487,
        "narHash": "sha256-100g4iaKC9MalDjUW9iN6Jl/OocTDtXdeAj7pEGIRh4=",
        "owner": "NixOS",
        "repo": "nixpkgs",
        "rev": "4bc72cae107788bf3f24f30db2e2f685c9298dc9",
        "type": "github"
      },
      "original": {
        "dir": "lib",
        "owner": "NixOS",
        "ref": "nixos-unstable",
        "repo": "nixpkgs",
        "type": "github"
      }
    },
    "nixpkgs-lib_4": {
      "locked": {
        "lastModified": 1688259758,
        "narHash": "sha256-CYVbYQfIm3vwciCf6CCYE+WOOLE3vcfxfEfNHIfKUJQ=",
        "owner": "nix-community",
        "repo": "nixpkgs.lib",
        "rev": "a92befce80a487380ea5e92ae515fe33cebd3ac6",
        "type": "github"
      },
      "original": {
        "owner": "nix-community",
        "repo": "nixpkgs.lib",
        "type": "github"
      }
    },
    "nixpkgs-stable": {
      "locked": {
        "lastModified": 1688177999,
        "narHash": "sha256-JZ5nk90Ym79b4J593xYb0mI79QxU0efJLuCU3sXDalQ=",
        "owner": "NixOS",
        "repo": "nixpkgs",
        "rev": "0de86059128947b2438995450f2c2ca08cc783d5",
        "type": "github"
      },
      "original": {
        "owner": "NixOS",
        "ref": "nixos-23.05",
        "repo": "nixpkgs",
        "type": "github"
      }
    },
    "nixpkgs-stable_2": {
      "locked": {
        "lastModified": 1688109178,
        "narHash": "sha256-BSdeYp331G4b1yc7GIRgAnfUyaktW2nl7k0C577Tttk=",
        "owner": "NixOS",
        "repo": "nixpkgs",
        "rev": "b72aa95f7f096382bff3aea5f8fde645bca07422",
        "type": "github"
      },
      "original": {
        "owner": "NixOS",
        "ref": "nixos-23.05",
        "repo": "nixpkgs",
        "type": "github"
      }
    },
    "nixpkgs-unstable": {
      "locked": {
        "lastModified": 1688221086,
        "narHash": "sha256-cdW6qUL71cNWhHCpMPOJjlw0wzSRP0pVlRn2vqX/VVg=",
        "owner": "nixos",
        "repo": "nixpkgs",
        "rev": "cd99c2b3c9f160cd004318e0697f90bbd5960825",
        "type": "github"
      },
      "original": {
        "owner": "nixos",
        "ref": "nixpkgs-unstable",
        "repo": "nixpkgs",
        "type": "github"
      }
    },
    "nixpkgs-wayland": {
      "inputs": {
        "flake-compat": "flake-compat_5",
        "lib-aggregate": "lib-aggregate",
        "nix-eval-jobs": "nix-eval-jobs",
        "nixpkgs": "nixpkgs_8"
      },
      "locked": {
        "lastModified": 1688350505,
        "narHash": "sha256-2oi0It9YJirfDi/bI2ZNLP5dTxI7+xsqiihr7B7kICI=",
        "owner": "nix-community",
        "repo": "nixpkgs-wayland",
        "rev": "c93d4d87a6257f5cd0ef9d35ea3b13831b38e680",
        "type": "github"
      },
      "original": {
        "owner": "nix-community",
        "repo": "nixpkgs-wayland",
        "type": "github"
      }
    },
    "nixpkgs_2": {
      "locked": {
        "lastModified": 1686501370,
        "narHash": "sha256-G0WuM9fqTPRc2URKP9Lgi5nhZMqsfHGrdEbrLvAPJcg=",
        "owner": "NixOS",
        "repo": "nixpkgs",
        "rev": "75a5ebf473cd60148ba9aec0d219f72e5cf52519",
        "type": "github"
      },
      "original": {
        "owner": "NixOS",
        "ref": "nixos-unstable",
        "repo": "nixpkgs",
        "type": "github"
      }
    },
    "nixpkgs_3": {
      "locked": {
        "lastModified": 1688221086,
        "narHash": "sha256-cdW6qUL71cNWhHCpMPOJjlw0wzSRP0pVlRn2vqX/VVg=",
        "owner": "NixOS",
        "repo": "nixpkgs",
        "rev": "cd99c2b3c9f160cd004318e0697f90bbd5960825",
        "type": "github"
      },
      "original": {
        "owner": "NixOS",
        "ref": "nixpkgs-unstable",
        "repo": "nixpkgs",
        "type": "github"
      }
    },
    "nixpkgs_4": {
      "locked": {
        "lastModified": 1684570954,
        "narHash": "sha256-FX5y4Sm87RWwfu9PI71XFvuRpZLowh00FQpIJ1WfXqE=",
        "owner": "NixOS",
        "repo": "nixpkgs",
        "rev": "3005f20ce0aaa58169cdee57c8aa12e5f1b6e1b3",
        "type": "github"
      },
      "original": {
        "owner": "NixOS",
        "ref": "nixos-unstable",
        "repo": "nixpkgs",
        "type": "github"
      }
    },
    "nixpkgs_5": {
      "locked": {
        "lastModified": 1688231357,
        "narHash": "sha256-ZOn16X5jZ6X5ror58gOJAxPfFLAQhZJ6nOUeS4tfFwo=",
        "owner": "NixOS",
        "repo": "nixpkgs",
        "rev": "645ff62e09d294a30de823cb568e9c6d68e92606",
        "type": "github"
      },
      "original": {
        "owner": "NixOS",
        "ref": "nixos-unstable",
        "repo": "nixpkgs",
        "type": "github"
      }
    },
    "nixpkgs_6": {
      "locked": {
        "lastModified": 1688346760,
        "narHash": "sha256-w6JFZsZ+qEJNaBrYUmqKAbA8+qXWm5pwMQHhbNfpAYE=",
        "owner": "NixOS",
        "repo": "nixpkgs",
        "rev": "ee5cc38432031b66e7fe395b14235eeb4b2b0d6e",
        "type": "github"
      },
      "original": {
        "owner": "NixOS",
        "ref": "master",
        "repo": "nixpkgs",
        "type": "github"
      }
    },
    "nixpkgs_7": {
      "locked": {
        "lastModified": 1688346760,
        "narHash": "sha256-w6JFZsZ+qEJNaBrYUmqKAbA8+qXWm5pwMQHhbNfpAYE=",
        "owner": "NixOS",
        "repo": "nixpkgs",
        "rev": "ee5cc38432031b66e7fe395b14235eeb4b2b0d6e",
        "type": "github"
      },
      "original": {
        "owner": "NixOS",
        "ref": "master",
        "repo": "nixpkgs",
        "type": "github"
      }
    },
    "nixpkgs_8": {
      "locked": {
        "lastModified": 1688231357,
        "narHash": "sha256-ZOn16X5jZ6X5ror58gOJAxPfFLAQhZJ6nOUeS4tfFwo=",
        "owner": "nixos",
        "repo": "nixpkgs",
        "rev": "645ff62e09d294a30de823cb568e9c6d68e92606",
        "type": "github"
      },
      "original": {
        "owner": "nixos",
        "ref": "nixos-unstable",
        "repo": "nixpkgs",
        "type": "github"
      }
    },
    "nixpkgs_9": {
      "locked": {
        "lastModified": 1682134069,
        "narHash": "sha256-TnI/ZXSmRxQDt2sjRYK/8j8iha4B4zP2cnQCZZ3vp7k=",
        "owner": "NixOS",
        "repo": "nixpkgs",
        "rev": "fd901ef4bf93499374c5af385b2943f5801c0833",
        "type": "github"
      },
      "original": {
        "id": "nixpkgs",
        "type": "indirect"
      }
    },
    "nur": {
      "locked": {
        "lastModified": 1688373029,
        "narHash": "sha256-lHCdKJ79pBWcILK73ajNh3qTb+Sqc5k9M7MkNLMROQY=",
        "owner": "nix-community",
        "repo": "NUR",
        "rev": "6874f4eb899371204e9357da3881a57ca9844e00",
        "type": "github"
      },
      "original": {
        "owner": "nix-community",
        "repo": "NUR",
        "type": "github"
      }
    },
    "parts": {
      "inputs": {
        "nixpkgs-lib": "nixpkgs-lib_3"
      },
      "locked": {
        "lastModified": 1688254665,
        "narHash": "sha256-8FHEgBrr7gYNiS/NzCxIO3m4hvtLRW9YY1nYo1ivm3o=",
        "owner": "hercules-ci",
        "repo": "flake-parts",
        "rev": "267149c58a14d15f7f81b4d737308421de9d7152",
        "type": "github"
      },
      "original": {
        "owner": "hercules-ci",
        "repo": "flake-parts",
        "type": "github"
      }
    },
    "root": {
      "inputs": {
        "discocss": "discocss",
        "emacs-overlay": "emacs-overlay",
        "fzf-tab": "fzf-tab",
        "home": "home",
        "master": "master",
        "neovim-nightly": "neovim-nightly",
        "nix-colors": "nix-colors",
        "nix-vscode-extensions": "nix-vscode-extensions",
        "nixos-hardware": "nixos-hardware",
        "nixos-unstable": "nixos-unstable",
        "nixos-wsl": "nixos-wsl",
        "nixpkgs": [
          "nixos-unstable"
        ],
        "nixpkgs-f2k": "nixpkgs-f2k",
        "nixpkgs-unstable": "nixpkgs-unstable",
        "nixpkgs-wayland": "nixpkgs-wayland",
        "nur": "nur",
        "rounded-sbe": "rounded-sbe",
        "sfmonoNerdFontLig": "sfmonoNerdFontLig",
        "skippy-xd": "skippy-xd",
        "stable": "stable",
        "vscode-server": "vscode-server",
        "zsh-completions": "zsh-completions",
        "zsh-nix-shell": "zsh-nix-shell",
        "zsh-syntax-highlighting": "zsh-syntax-highlighting"
      }
    },
    "rounded-sbe": {
      "flake": false,
      "locked": {
        "lastModified": 1687039192,
        "narHash": "sha256-/aSml3ymCFnl7Jjlc60sIjhU1hJDmZwpG2J3D+S3lNY=",
        "owner": "a-parhom",
        "repo": "RoundedSBE",
        "rev": "4f71ab0acb954bf2432489ae030b4cf9f4341d5a",
        "type": "github"
      },
      "original": {
        "owner": "a-parhom",
        "repo": "RoundedSBE",
        "type": "github"
      }
    },
    "rust-analyzer-src": {
      "flake": false,
      "locked": {
        "lastModified": 1637439871,
        "narHash": "sha256-2awQ/obzl7zqYgLwbQL0zT58gN8Xq7n+81GcMiS595I=",
        "owner": "rust-analyzer",
        "repo": "rust-analyzer",
        "rev": "4566414789310acb2617543f4b50beab4bb48e06",
        "type": "github"
      },
      "original": {
        "owner": "rust-analyzer",
        "ref": "nightly",
        "repo": "rust-analyzer",
        "type": "github"
      }
    },
    "rust-overlay": {
      "inputs": {
        "flake-utils": [
          "nixpkgs-f2k",
          "crane",
          "flake-utils"
        ],
        "nixpkgs": [
          "nixpkgs-f2k",
          "crane",
          "nixpkgs"
        ]
      },
      "locked": {
        "lastModified": 1685759304,
        "narHash": "sha256-I3YBH6MS3G5kGzNuc1G0f9uYfTcNY9NYoRc3QsykLk4=",
        "owner": "oxalica",
        "repo": "rust-overlay",
        "rev": "c535b4f3327910c96dcf21851bbdd074d0760290",
        "type": "github"
      },
      "original": {
        "owner": "oxalica",
        "repo": "rust-overlay",
        "type": "github"
      }
    },
    "sfmonoNerdFontLig": {
      "flake": false,
      "locked": {
        "lastModified": 1688258025,
        "narHash": "sha256-AYjKrVLISsJWXN6Cj74wXmbJtREkFDYOCRw1t2nVH2w=",
        "owner": "shaunsingh",
        "repo": "SFMono-Nerd-Font-Ligaturized",
        "rev": "dc5a3e6fcc2e16ad476b7be3c3c17c2273b260ea",
        "type": "github"
      },
      "original": {
        "owner": "shaunsingh",
        "repo": "SFMono-Nerd-Font-Ligaturized",
        "type": "github"
      }
    },
    "skippy-xd": {
      "flake": false,
      "locked": {
        "lastModified": 1688168197,
        "narHash": "sha256-DITKOVVuiNenExnm3qUm12FYfhHKgJgepOXVl4zpzbo=",
        "owner": "dreamcat4",
        "repo": "skippy-xd",
        "rev": "e7c2482be7b853a109619fef41f06940c671df6a",
        "type": "github"
      },
      "original": {
        "owner": "dreamcat4",
        "repo": "skippy-xd",
        "type": "github"
      }
    },
    "stable": {
      "locked": {
        "lastModified": 1688117947,
        "narHash": "sha256-eSVbMmqsGwPlJy8jqzxwZ+cJzu8TpI2KSSKm8xVw+XQ=",
        "owner": "nixos",
        "repo": "nixpkgs",
        "rev": "2039c98a8afec8ff3273a3ac34b9e3864174ed94",
        "type": "github"
      },
      "original": {
        "owner": "nixos",
        "ref": "nixos-22.11",
        "repo": "nixpkgs",
        "type": "github"
      }
    },
    "systems": {
      "locked": {
        "lastModified": 1681028828,
        "narHash": "sha256-Vy1rq5AaRuLzOxct8nz4T6wlgyUR7zLU309k9mBC768=",
        "owner": "nix-systems",
        "repo": "default",
        "rev": "da67096a3b9bf56a91d16901293e51ba5b49a27e",
        "type": "github"
      },
      "original": {
        "owner": "nix-systems",
        "repo": "default",
        "type": "github"
      }
    },
    "systems_2": {
      "locked": {
        "lastModified": 1681028828,
        "narHash": "sha256-Vy1rq5AaRuLzOxct8nz4T6wlgyUR7zLU309k9mBC768=",
        "owner": "nix-systems",
        "repo": "default",
        "rev": "da67096a3b9bf56a91d16901293e51ba5b49a27e",
        "type": "github"
      },
      "original": {
        "owner": "nix-systems",
        "repo": "default",
        "type": "github"
      }
    },
    "systems_3": {
      "locked": {
        "lastModified": 1681028828,
        "narHash": "sha256-Vy1rq5AaRuLzOxct8nz4T6wlgyUR7zLU309k9mBC768=",
        "owner": "nix-systems",
        "repo": "default",
        "rev": "da67096a3b9bf56a91d16901293e51ba5b49a27e",
        "type": "github"
      },
      "original": {
        "owner": "nix-systems",
        "repo": "default",
        "type": "github"
      }
    },
    "systems_4": {
      "locked": {
        "lastModified": 1681028828,
        "narHash": "sha256-Vy1rq5AaRuLzOxct8nz4T6wlgyUR7zLU309k9mBC768=",
        "owner": "nix-systems",
        "repo": "default",
        "rev": "da67096a3b9bf56a91d16901293e51ba5b49a27e",
        "type": "github"
      },
      "original": {
        "owner": "nix-systems",
        "repo": "default",
        "type": "github"
      }
    },
    "systems_5": {
      "locked": {
        "lastModified": 1681028828,
        "narHash": "sha256-Vy1rq5AaRuLzOxct8nz4T6wlgyUR7zLU309k9mBC768=",
        "owner": "nix-systems",
        "repo": "default",
        "rev": "da67096a3b9bf56a91d16901293e51ba5b49a27e",
        "type": "github"
      },
      "original": {
        "owner": "nix-systems",
        "repo": "default",
        "type": "github"
      }
    },
    "systems_6": {
      "locked": {
        "lastModified": 1681028828,
        "narHash": "sha256-Vy1rq5AaRuLzOxct8nz4T6wlgyUR7zLU309k9mBC768=",
        "owner": "nix-systems",
        "repo": "default",
        "rev": "da67096a3b9bf56a91d16901293e51ba5b49a27e",
        "type": "github"
      },
      "original": {
        "owner": "nix-systems",
        "repo": "default",
        "type": "github"
      }
    },
    "systems_7": {
      "locked": {
        "lastModified": 1681028828,
        "narHash": "sha256-Vy1rq5AaRuLzOxct8nz4T6wlgyUR7zLU309k9mBC768=",
        "owner": "nix-systems",
        "repo": "default",
        "rev": "da67096a3b9bf56a91d16901293e51ba5b49a27e",
        "type": "github"
      },
      "original": {
        "owner": "nix-systems",
        "repo": "default",
        "type": "github"
      }
    },
    "systems_8": {
      "locked": {
        "lastModified": 1681028828,
        "narHash": "sha256-Vy1rq5AaRuLzOxct8nz4T6wlgyUR7zLU309k9mBC768=",
        "owner": "nix-systems",
        "repo": "default",
        "rev": "da67096a3b9bf56a91d16901293e51ba5b49a27e",
        "type": "github"
      },
      "original": {
        "owner": "nix-systems",
        "repo": "default",
        "type": "github"
      }
    },
    "vscode-server": {
      "inputs": {
        "flake-utils": "flake-utils_10",
        "nixpkgs": "nixpkgs_9"
      },
      "locked": {
        "lastModified": 1684517665,
        "narHash": "sha256-SaAr66uCQ8CF75jIr23FZjk1+9Kfwm5sQnwV25206Gs=",
        "owner": "msteen",
        "repo": "nixos-vscode-server",
        "rev": "1e1358493df6529d4c7bc4cc3066f76fd16d4ae6",
        "type": "github"
      },
      "original": {
        "owner": "msteen",
        "repo": "nixos-vscode-server",
        "type": "github"
      }
    },
    "zsh-completions": {
      "flake": false,
      "locked": {
        "lastModified": 1688258532,
        "narHash": "sha256-wUlWy0FqZyluqxnRT7LD57lhEJYZ6Zkm99j99J1ppUE=",
        "owner": "zsh-users",
        "repo": "zsh-completions",
        "rev": "5328eb7c01270417ad6d0ce75682dea00dfa18f2",
        "type": "github"
      },
      "original": {
        "owner": "zsh-users",
        "repo": "zsh-completions",
        "type": "github"
      }
    },
    "zsh-nix-shell": {
      "flake": false,
      "locked": {
        "lastModified": 1685391852,
        "narHash": "sha256-SrGvHsAJCxzi69CKNKKvItYUaAP7CKwRntsprVHBs4Y=",
        "owner": "chisui",
        "repo": "zsh-nix-shell",
        "rev": "227d284ab2dc2f5153826974e0094a1990b1b5b9",
        "type": "github"
      },
      "original": {
        "owner": "chisui",
        "repo": "zsh-nix-shell",
        "type": "github"
      }
    },
    "zsh-syntax-highlighting": {
      "flake": false,
      "locked": {
        "lastModified": 1685766260,
        "narHash": "sha256-iKx7lsQCoSAbpANYFkNVCZlTFdwOEI34rx/h1rnraSg=",
        "owner": "zsh-users",
        "repo": "zsh-syntax-highlighting",
        "rev": "1386f1213eb0b0589d73cd3cf7c56e6a972a9bfd",
        "type": "github"
      },
      "original": {
        "owner": "zsh-users",
        "repo": "zsh-syntax-highlighting",
        "type": "github"
      }
    }
  },
  "root": "root",
  "version": 7
}
